
Microsoft Visual Studio Solution File, Format Version 12.00
# Visual Studio 2013
VisualStudioVersion = 12.0.31101.0
MinimumVisualStudioVersion = 10.0.40219.1
Project("{FAE04EC0-301F-11D3-BF4B-00C04F79EFBC}") = "TransitiveReduction", "TransitiveReduction\TransitiveReduction.csproj", "{9A1CC5E9-381C-4D7E-9EEA-0F37ECB3E949}"
EndProject
Project("{FAE04EC0-301F-11D3-BF4B-00C04F79EFBC}") = "QuickGraph.TransitiveReduction", "QuickGraph.TransitiveReduction\QuickGraph.TransitiveReduction.csproj", "{C074943F-0CF7-4DFD-B265-42B7F8AAA8F1}"
EndProject
Project("{FAE04EC0-301F-11D3-BF4B-00C04F79EFBC}") = "ActivityArrowDiagramGenerator", "ActivityArrowDiagramGenerator\ActivityArrowDiagramGenerator.csproj", "{F33C3A11-EFA6-4DD3-81AC-FE9C93A9C0A3}"
EndProject
Project("{FAE04EC0-301F-11D3-BF4B-00C04F79EFBC}") = "ActivityDiagram.Contracts", "ActivityDiagram.Contracts\ActivityDiagram.Contracts.csproj", "{F454155A-9F69-4404-9BAC-453733D94574}"
EndProject
Project("{FAE04EC0-301F-11D3-BF4B-00C04F79EFBC}") = "ActivityDiagram.Readers", "ActivityDiagram.Readers\ActivityDiagram.Readers.csproj", "{23992C6B-78FF-4F1B-AD69-56F275C36834}"
EndProject
Project("{FAE04EC0-301F-11D3-BF4B-00C04F79EFBC}") = "ActivityDiagram.Writers", "ActivityDiagram.Writers\ActivityDiagram.Writers.csproj", "{84516C22-73C9-44B8-94CE-D83CDB589F9A}"
EndProject
Global
	GlobalSection(SolutionConfigurationPlatforms) = preSolution
		Debug|Any CPU = Debug|Any CPU
		Release|Any CPU = Release|Any CPU
	EndGlobalSection
	GlobalSection(ProjectConfigurationPlatforms) = postSolution
		{9A1CC5E9-381C-4D7E-9EEA-0F37ECB3E949}.Debug|Any CPU.ActiveCfg = Debug|Any CPU
		{9A1CC5E9-381C-4D7E-9EEA-0F37ECB3E949}.Debug|Any CPU.Build.0 = Debug|Any CPU
		{9A1CC5E9-381C-4D7E-9EEA-0F37ECB3E949}.Release|Any CPU.ActiveCfg = Release|Any CPU
		{9A1CC5E9-381C-4D7E-9EEA-0F37ECB3E949}.Release|Any CPU.Build.0 = Release|Any CPU
		{C074943F-0CF7-4DFD-B265-42B7F8AAA8F1}.Debug|Any CPU.ActiveCfg = Debug|Any CPU
		{C074943F-0CF7-4DFD-B265-42B7F8AAA8F1}.Debug|Any CPU.Build.0 = Debug|Any CPU
		{C074943F-0CF7-4DFD-B265-42B7F8AAA8F1}.Release|Any CPU.ActiveCfg = Release|Any CPU
		{C074943F-0CF7-4DFD-B265-42B7F8AAA8F1}.Release|Any CPU.Build.0 = Release|Any CPU
		{F33C3A11-EFA6-4DD3-81AC-FE9C93A9C0A3}.Debug|Any CPU.ActiveCfg = Debug|Any CPU
		{F33C3A11-EFA6-4DD3-81AC-FE9C93A9C0A3}.Debug|Any CPU.Build.0 = Debug|Any CPU
		{F33C3A11-EFA6-4DD3-81AC-FE9C93A9C0A3}.Release|Any CPU.ActiveCfg = Release|Any CPU
		{F33C3A11-EFA6-4DD3-81AC-FE9C93A9C0A3}.Release|Any CPU.Build.0 = Release|Any CPU
		{F454155A-9F69-4404-9BAC-453733D94574}.Debug|Any CPU.ActiveCfg = Debug|Any CPU
		{F454155A-9F69-4404-9BAC-453733D94574}.Debug|Any CPU.Build.0 = Debug|Any CPU
		{F454155A-9F69-4404-9BAC-453733D94574}.Release|Any CPU.ActiveCfg = Release|Any CPU
		{F454155A-9F69-4404-9BAC-453733D94574}.Release|Any CPU.Build.0 = Release|Any CPU
		{23992C6B-78FF-4F1B-AD69-56F275C36834}.Debug|Any CPU.ActiveCfg = Debug|Any CPU
		{23992C6B-78FF-4F1B-AD69-56F275C36834}.Debug|Any CPU.Build.0 = Debug|Any CPU
		{23992C6B-78FF-4F1B-AD69-56F275C36834}.Release|Any CPU.ActiveCfg = Release|Any CPU
		{23992C6B-78FF-4F1B-AD69-56F275C36834}.Release|Any CPU.Build.0 = Release|Any CPU
		{84516C22-73C9-44B8-94CE-D83CDB589F9A}.Debug|Any CPU.ActiveCfg = Debug|Any CPU
		{84516C22-73C9-44B8-94CE-D83CDB589F9A}.Debug|Any CPU.Build.0 = Debug|Any CPU
		{84516C22-73C9-44B8-94CE-D83CDB589F9A}.Release|Any CPU.ActiveCfg = Release|Any CPU
		{84516C22-73C9-44B8-94CE-D83CDB589F9A}.Release|Any CPU.Build.0 = Release|Any CPU
	EndGlobalSection
	GlobalSection(SolutionProperties) = preSolution
		HideSolutionNode = FALSE
	EndGlobalSection
EndGlobal
